
Microsoft Visual Studio Solution File, Format Version 12.00
# Visual Studio Version 16
VisualStudioVersion = 16.0.34301.259
MinimumVisualStudioVersion = 10.0.40219.1
Project("{F184B08F-C81C-45F6-A57F-5ABD9991F28F}") = "QuizGame", "QuizGame\QuizGame.vbproj", "{C69B2E75-0F6B-4AC6-93B3-3E73B7C99F5A}"
EndProject
Global
	GlobalSection(SolutionConfigurationPlatforms) = preSolution
		Debug|Any CPU = Debug|Any CPU
		Release|Any CPU = Release|Any CPU
	EndGlobalSection
	GlobalSection(ProjectConfigurationPlatforms) = postSolution
		{C69B2E75-0F6B-4AC6-93B3-3E73B7C99F5A}.Debug|Any CPU.ActiveCfg = Debug|Any CPU
		{C69B2E75-0F6B-4AC6-93B3-3E73B7C99F5A}.Debug|Any CPU.Build.0 = Debug|Any CPU
		{C69B2E75-0F6B-4AC6-93B3-3E73B7C99F5A}.Release|Any CPU.ActiveCfg = Release|Any CPU
		{C69B2E75-0F6B-4AC6-93B3-3E73B7C99F5A}.Release|Any CPU.Build.0 = Release|Any CPU
	EndGlobalSection
	GlobalSection(SolutionProperties) = preSolution
		HideSolutionNode = FALSE
	EndGlobalSection
	GlobalSection(ExtensibilityGlobals) = postSolution
		SolutionGuid = {E1A3E6C3-0E7A-48FD-B6DF-20DA9560B35C}
	EndGlobalSection
EndGlobal
